
Microsoft Visual Studio Solution File, Format Version 12.00
# Visual Studio Version 17
VisualStudioVersion = 17.9.34714.143
MinimumVisualStudioVersion = 10.0.40219.1
Project("{9A19103F-16F7-4668-BE54-9A1E7A4F7556}") = "Eyu.Audio", "Eyu.Audio\Eyu.Audio.csproj", "{6F3F0C31-CF18-45E7-825F-BF1F68AA2C68}"
EndProject
Project("{9A19103F-16F7-4668-BE54-9A1E7A4F7556}") = "Sample", "Sample\Sample.csproj", "{E937678A-528D-4E6B-A728-482E2BC86E2D}"
EndProject
Global
	GlobalSection(SolutionConfigurationPlatforms) = preSolution
		Debug|Any CPU = Debug|Any CPU
		Release|Any CPU = Release|Any CPU
	EndGlobalSection
	GlobalSection(ProjectConfigurationPlatforms) = postSolution
		{6F3F0C31-CF18-45E7-825F-BF1F68AA2C68}.Debug|Any CPU.ActiveCfg = Debug|Any CPU
		{6F3F0C31-CF18-45E7-825F-BF1F68AA2C68}.Debug|Any CPU.Build.0 = Debug|Any CPU
		{6F3F0C31-CF18-45E7-825F-BF1F68AA2C68}.Release|Any CPU.ActiveCfg = Release|Any CPU
		{6F3F0C31-CF18-45E7-825F-BF1F68AA2C68}.Release|Any CPU.Build.0 = Release|Any CPU
		{E937678A-528D-4E6B-A728-482E2BC86E2D}.Debug|Any CPU.ActiveCfg = Debug|Any CPU
		{E937678A-528D-4E6B-A728-482E2BC86E2D}.Debug|Any CPU.Build.0 = Debug|Any CPU
		{E937678A-528D-4E6B-A728-482E2BC86E2D}.Release|Any CPU.ActiveCfg = Release|Any CPU
		{E937678A-528D-4E6B-A728-482E2BC86E2D}.Release|Any CPU.Build.0 = Release|Any CPU
	EndGlobalSection
	GlobalSection(SolutionProperties) = preSolution
		HideSolutionNode = FALSE
	EndGlobalSection
	GlobalSection(ExtensibilityGlobals) = postSolution
		SolutionGuid = {82F9FB17-EDD9-46F9-8A43-D144AFD4A644}
	EndGlobalSection
EndGlobal
