
Microsoft Visual Studio Solution File, Format Version 12.00
# Visual Studio Version 17
VisualStudioVersion = 17.9.34714.143
MinimumVisualStudioVersion = 10.0.40219.1
Project("{9A19103F-16F7-4668-BE54-9A1E7A4F7556}") = "Eyu.Audio", "Eyu.Audio.csproj", "{5AB44298-4683-4B88-95F7-E81CC8CB4A68}"
EndProject
Project("{FAE04EC0-301F-11D3-BF4B-00C04F79EFBC}") = "Sample", "..\Sample\Sample.csproj", "{6E3383DF-E561-42D1-96E1-783C337F40C3}"
EndProject
Global
	GlobalSection(SolutionConfigurationPlatforms) = preSolution
		Debug|Any CPU = Debug|Any CPU
		Release|Any CPU = Release|Any CPU
	EndGlobalSection
	GlobalSection(ProjectConfigurationPlatforms) = postSolution
		{5AB44298-4683-4B88-95F7-E81CC8CB4A68}.Debug|Any CPU.ActiveCfg = Debug|Any CPU
		{5AB44298-4683-4B88-95F7-E81CC8CB4A68}.Debug|Any CPU.Build.0 = Debug|Any CPU
		{5AB44298-4683-4B88-95F7-E81CC8CB4A68}.Release|Any CPU.ActiveCfg = Release|Any CPU
		{5AB44298-4683-4B88-95F7-E81CC8CB4A68}.Release|Any CPU.Build.0 = Release|Any CPU
		{6E3383DF-E561-42D1-96E1-783C337F40C3}.Debug|Any CPU.ActiveCfg = Debug|Any CPU
		{6E3383DF-E561-42D1-96E1-783C337F40C3}.Debug|Any CPU.Build.0 = Debug|Any CPU
		{6E3383DF-E561-42D1-96E1-783C337F40C3}.Release|Any CPU.ActiveCfg = Release|Any CPU
		{6E3383DF-E561-42D1-96E1-783C337F40C3}.Release|Any CPU.Build.0 = Release|Any CPU
	EndGlobalSection
	GlobalSection(SolutionProperties) = preSolution
		HideSolutionNode = FALSE
	EndGlobalSection
	GlobalSection(ExtensibilityGlobals) = postSolution
		SolutionGuid = {82F9FB17-EDD9-46F9-8A43-D144AFD4A644}
	EndGlobalSection
EndGlobal
